
Microsoft Visual Studio Solution File, Format Version 12.00
# Visual Studio Version 17
VisualStudioVersion = 17.13.35828.75 d17.13
MinimumVisualStudioVersion = 10.0.40219.1
Project("{888888A0-9F3D-457C-B088-3A5042F75D52}") = "ChatLab", "ChatLab\ChatLab.pyproj", "{D836BD72-3311-4C82-90C7-5F7077CA5CB9}"
EndProject
Global
	GlobalSection(SolutionConfigurationPlatforms) = preSolution
		Debug|Any CPU = Debug|Any CPU
		Release|Any CPU = Release|Any CPU
	EndGlobalSection
	GlobalSection(ProjectConfigurationPlatforms) = postSolution
		{D836BD72-3311-4C82-90C7-5F7077CA5CB9}.Debug|Any CPU.ActiveCfg = Debug|Any CPU
		{D836BD72-3311-4C82-90C7-5F7077CA5CB9}.Release|Any CPU.ActiveCfg = Release|Any CPU
	EndGlobalSection
	GlobalSection(SolutionProperties) = preSolution
		HideSolutionNode = FALSE
	EndGlobalSection
	GlobalSection(ExtensibilityGlobals) = postSolution
		SolutionGuid = {68D0F78F-06E7-4526-B7EE-E07B40D2B934}
	EndGlobalSection
EndGlobal
